// !$*UTF8*$!
{
	archiveVersion = 1;
	classes = {
	};
	objectVersion = 50;
	objects = {

/* Begin PBXBuildFile section */
		D71CED042672D65F0000C168 /* AppDelegate.swift in Sources */ = {isa = PBXBuildFile; fileRef = D71CED032672D65F0000C168 /* AppDelegate.swift */; };
		D71CED062672D65F0000C168 /* SceneDelegate.swift in Sources */ = {isa = PBXBuildFile; fileRef = D71CED052672D65F0000C168 /* SceneDelegate.swift */; };
		D71CED082672D65F0000C168 /* ViewController.swift in Sources */ = {isa = PBXBuildFile; fileRef = D71CED072672D65F0000C168 /* ViewController.swift */; };
		D71CED0B2672D65F0000C168 /* Main.storyboard in Resources */ = {isa = PBXBuildFile; fileRef = D71CED092672D65F0000C168 /* Main.storyboard */; };
		D71CED0D2672D66A0000C168 /* Assets.xcassets in Resources */ = {isa = PBXBuildFile; fileRef = D71CED0C2672D66A0000C168 /* Assets.xcassets */; };
		D71CED102672D66A0000C168 /* LaunchScreen.storyboard in Resources */ = {isa = PBXBuildFile; fileRef = D71CED0E2672D66A0000C168 /* LaunchScreen.storyboard */; };
		D71CED192672D6CE0000C168 /* NextViewController.swift in Sources */ = {isa = PBXBuildFile; fileRef = D71CED182672D6CE0000C168 /* NextViewController.swift */; };
/* End PBXBuildFile section */

/* Begin PBXFileReference section */
		D71CED002672D65F0000C168 /* ProtocolBasicApp1.app */ = {isa = PBXFileReference; explicitFileType = wrapper.application; includeInIndex = 0; path = ProtocolBasicApp1.app; sourceTree = BUILT_PRODUCTS_DIR; };
		D71CED032672D65F0000C168 /* AppDelegate.swift */ = {isa = PBXFileReference; lastKnownFileType = sourcecode.swift; path = AppDelegate.swift; sourceTree = "<group>"; };
		D71CED052672D65F0000C168 /* SceneDelegate.swift */ = {isa = PBXFileReference; lastKnownFileType = sourcecode.swift; path = SceneDelegate.swift; sourceTree = "<group>"; };
		D71CED072672D65F0000C168 /* ViewController.swift */ = {isa = PBXFileReference; lastKnownFileType = sourcecode.swift; path = ViewController.swift; sourceTree = "<group>"; };
		D71CED0A2672D65F0000C168 /* Base */ = {isa = PBXFileReference; lastKnownFileType = file.storyboard; name = Base; path = Base.lproj/Main.storyboard; sourceTree = "<group>"; };
		D71CED0C2672D66A0000C168 /* Assets.xcassets */ = {isa = PBXFileReference; lastKnownFileType = folder.assetcatalog; path = Assets.xcassets; sourceTree = "<group>"; };
		D71CED0F2672D66A0000C168 /* Base */ = {isa = PBXFileReference; lastKnownFileType = file.storyboard; name = Base; path = Base.lproj/LaunchScreen.storyboard; sourceTree = "<group>"; };
		D71CED112672D66A0000C168 /* Info.plist */ = {isa = PBXFileReference; lastKnownFileType = text.plist.xml; path = Info.plist; sourceTree = "<group>"; };
		D71CED182672D6CE0000C168 /* NextViewController.swift */ = {isa = PBXFileReference; lastKnownFileType = sourcecode.swift; path = NextViewController.swift; sourceTree = "<group>"; };
/* End PBXFileReference section */

/* Begin PBXFrameworksBuildPhase section */
		D71CECFD2672D65F0000C168 /* Frameworks */ = {
			isa = PBXFrameworksBuildPhase;
			buildActionMask = 2147483647;
			files = (
			);
			runOnlyForDeploymentPostprocessing = 0;
		};
/* End PBXFrameworksBuildPhase section */

/* Begin PBXGroup section */
		D71CECF72672D65F0000C168 = {
			isa = PBXGroup;
			children = (
				D71CED022672D65F0000C168 /* ProtocolBasicApp1 */,
				D71CED012672D65F0000C168 /* Products */,
			);
			sourceTree = "<group>";
		};
		D71CED012672D65F0000C168 /* Products */ = {
			isa = PBXGroup;
			children = (
				D71CED002672D65F0000C168 /* ProtocolBasicApp1.app */,
			);
			name = Products;
			sourceTree = "<group>";
		};
		D71CED022672D65F0000C168 /* ProtocolBasicApp1 */ = {
			isa = PBXGroup;
			children = (
				D71CED032672D65F0000C168 /* AppDelegate.swift */,
				D71CED052672D65F0000C168 /* SceneDelegate.swift */,
				D71CED072672D65F0000C168 /* ViewController.swift */,
				D71CED182672D6CE0000C168 /* NextViewController.swift */,
				D71CED092672D65F0000C168 /* Main.storyboard */,
				D71CED0C2672D66A0000C168 /* Assets.xcassets */,
				D71CED0E2672D66A0000C168 /* LaunchScreen.storyboard */,
				D71CED112672D66A0000C168 /* Info.plist */,
			);
			path = ProtocolBasicApp1;
			sourceTree = "<group>";
		};
/* End PBXGroup section */

/* Begin PBXNativeTarget section */
		D71CECFF2672D65F0000C168 /* ProtocolBasicApp1 */ = {
			isa = PBXNativeTarget;
			buildConfigurationList = D71CED142672D66A0000C168 /* Build configuration list for PBXNativeTarget "ProtocolBasicApp1" */;
			buildPhases = (
				D71CECFC2672D65F0000C168 /* Sources */,
				D71CECFD2672D65F0000C168 /* Frameworks */,
				D71CECFE2672D65F0000C168 /* Resources */,
			);
			buildRules = (
			);
			dependencies = (
			);
			name = ProtocolBasicApp1;
			productName = ProtocolBasicApp1;
			productReference = D71CED002672D65F0000C168 /* ProtocolBasicApp1.app */;
			productType = "com.apple.product-type.application";
		};
/* End PBXNativeTarget section */

/* Begin PBXProject section */
		D71CECF82672D65F0000C168 /* Project object */ = {
			isa = PBXProject;
			attributes = {
				LastSwiftUpdateCheck = 1230;
				LastUpgradeCheck = 1230;
				TargetAttributes = {
					D71CECFF2672D65F0000C168 = {
						CreatedOnToolsVersion = 12.3;
					};
				};
			};
			buildConfigurationList = D71CECFB2672D65F0000C168 /* Build configuration list for PBXProject "ProtocolBasicApp1" */;
			compatibilityVersion = "Xcode 9.3";
			developmentRegion = en;
			hasScannedForEncodings = 0;
			knownRegions = (
				en,
				Base,
			);
			mainGroup = D71CECF72672D65F0000C168;
			productRefGroup = D71CED012672D65F0000C168 /* Products */;
			projectDirPath = "";
			projectRoot = "";
			targets = (
				D71CECFF2672D65F0000C168 /* ProtocolBasicApp1 */,
			);
		};
/* End PBXProject section */

/* Begin PBXResourcesBuildPhase section */
		D71CECFE2672D65F0000C168 /* Resources */ = {
			isa = PBXResourcesBuildPhase;
			buildActionMask = 2147483647;
			files = (
				D71CED102672D66A0000C168 /* LaunchScreen.storyboard in Resources */,
				D71CED0D2672D66A0000C168 /* Assets.xcassets in Resources */,
				D71CED0B2672D65F0000C168 /* Main.storyboard in Resources */,
			);
			runOnlyForDeploymentPostprocessing = 0;
		};
/* End PBXResourcesBuildPhase section */

/* Begin PBXSourcesBuildPhase section */
		D71CECFC2672D65F0000C168 /* Sources */ = {
			isa = PBXSourcesBuildPhase;
			buildActionMask = 2147483647;
			files = (
				D71CED082672D65F0000C168 /* ViewController.swift in Sources */,
				D71CED192672D6CE0000C168 /* NextViewController.swift in Sources */,
				D71CED042672D65F0000C168 /* AppDelegate.swift in Sources */,
				D71CED062672D65F0000C168 /* SceneDelegate.swift in Sources */,
			);
			runOnlyForDeploymentPostprocessing = 0;
		};
/* End PBXSourcesBuildPhase section */

/* Begin PBXVariantGroup section */
		D71CED092672D65F0000C168 /* Main.storyboard */ = {
			isa = PBXVariantGroup;
			children = (
				D71CED0A2672D65F0000C168 /* Base */,
			);
			name = Main.storyboard;
			sourceTree = "<group>";
		};
		D71CED0E2672D66A0000C168 /* LaunchScreen.storyboard */ = {
			isa = PBXVariantGroup;
			children = (
				D71CED0F2672D66A0000C168 /* Base */,
			);
			name = LaunchScreen.storyboard;
			sourceTree = "<group>";
		};
/* End PBXVariantGroup section */

/* Begin XCBuildConfiguration section */
		D71CED122672D66A0000C168 /* Debug */ = {
			isa = XCBuildConfiguration;
			buildSettings = {
				ALWAYS_SEARCH_USER_PATHS = NO;
				CLANG_ANALYZER_NONNULL = YES;
				CLANG_ANALYZER_NUMBER_OBJECT_CONVERSION = YES_AGGRESSIVE;
				CLANG_CXX_LANGUAGE_STANDARD = "gnu++14";
				CLANG_CXX_LIBRARY = "libc++";
				CLANG_ENABLE_MODULES = YES;
				CLANG_ENABLE_OBJC_ARC = YES;
				CLANG_ENABLE_OBJC_WEAK = YES;
				CLANG_WARN_BLOCK_CAPTURE_AUTORELEASING = YES;
				CLANG_WARN_BOOL_CONVERSION = YES;
				CLANG_WARN_COMMA = YES;
				CLANG_WARN_CONSTANT_CONVERSION = YES;
				CLANG_WARN_DEPRECATED_OBJC_IMPLEMENTATIONS = YES;
				CLANG_WARN_DIRECT_OBJC_ISA_USAGE = YES_ERROR;
				CLANG_WARN_DOCUMENTATION_COMMENTS = YES;
				CLANG_WARN_EMPTY_BODY = YES;
				CLANG_WARN_ENUM_CONVERSION = YES;
				CLANG_WARN_INFINITE_RECURSION = YES;
				CLANG_WARN_INT_CONVERSION = YES;
				CLANG_WARN_NON_LITERAL_NULL_CONVERSION = YES;
				CLANG_WARN_OBJC_IMPLICIT_RETAIN_SELF = YES;
				CLANG_WARN_OBJC_LITERAL_CONVERSION = YES;
				CLANG_WARN_OBJC_ROOT_CLASS = YES_ERROR;
				CLANG_WARN_QUOTED_INCLUDE_IN_FRAMEWORK_HEADER = YES;
				CLANG_WARN_RANGE_LOOP_ANALYSIS = YES;
				CLANG_WARN_STRICT_PROTOTYPES = YES;
				CLANG_WARN_SUSPICIOUS_MOVE = YES;
				CLANG_WARN_UNGUARDED_AVAILABILITY = YES_AGGRESSIVE;
				CLANG_WARN_UNREACHABLE_CODE = YES;
				CLANG_WARN__DUPLICATE_METHOD_MATCH = YES;
				COPY_PHASE_STRIP = NO;
				DEBUG_INFORMATION_FORMAT = dwarf;
				ENABLE_STRICT_OBJC_MSGSEND = YES;
				ENABLE_TESTABILITY = YES;
				GCC_C_LANGUAGE_STANDARD = gnu11;
				GCC_DYNAMIC_NO_PIC = NO;
				GCC_NO_COMMON_BLOCKS = YES;
				GCC_OPTIMIZATION_LEVEL = 0;
				GCC_PREPROCESSOR_DEFINITIONS = (
					"DEBUG=1",
					"$(inherited)",
				);
				GCC_WARN_64_TO_32_BIT_CONVERSION = YES;
				GCC_WARN_ABOUT_RETURN_TYPE = YES_ERROR;
				GCC_WARN_UNDECLARED_SELECTOR = YES;
				GCC_WARN_UNINITIALIZED_AUTOS = YES_AGGRESSIVE;
				GCC_WARN_UNUSED_FUNCTION = YES;
				GCC_WARN_UNUSED_VARIABLE = YES;
				IPHONEOS_DEPLOYMENT_TARGET = 14.3;
				MTL_ENABLE_DEBUG_INFO = INCLUDE_SOURCE;
				MTL_FAST_MATH = YES;
				ONLY_ACTIVE_ARCH = YES;
				SDKROOT = iphoneos;
				SWIFT_ACTIVE_COMPILATION_CONDITIONS = DEBUG;
				SWIFT_OPTIMIZATION_LEVEL = "-Onone";
			};
			name = Debug;
		};
		D71CED132672D66A0000C168 /* Release */ = {
			isa = XCBuildConfiguration;
			buildSettings = {
				ALWAYS_SEARCH_USER_PATHS = NO;
				CLANG_ANALYZER_NONNULL = YES;
				CLANG_ANALYZER_NUMBER_OBJECT_CONVERSION = YES_AGGRESSIVE;
				CLANG_CXX_LANGUAGE_STANDARD = "gnu++14";
				CLANG_CXX_LIBRARY = "libc++";
				CLANG_ENABLE_MODULES = YES;
				CLANG_ENABLE_OBJC_ARC = YES;
				CLANG_ENABLE_OBJC_WEAK = YES;
				CLANG_WARN_BLOCK_CAPTURE_AUTORELEASING = YES;
				CLANG_WARN_BOOL_CONVERSION = YES;
				CLANG_WARN_COMMA = YES;
				CLANG_WARN_CONSTANT_CONVERSION = YES;
				CLANG_WARN_DEPRECATED_OBJC_IMPLEMENTATIONS = YES;
				CLANG_WARN_DIRECT_OBJC_ISA_USAGE = YES_ERROR;
				CLANG_WARN_DOCUMENTATION_COMMENTS = YES;
				CLANG_WARN_EMPTY_BODY = YES;
				CLANG_WARN_ENUM_CONVERSION = YES;
				CLANG_WARN_INFINITE_RECURSION = YES;
				CLANG_WARN_INT_CONVERSION = YES;
				CLANG_WARN_NON_LITERAL_NULL_CONVERSION = YES;
				CLANG_WARN_OBJC_IMPLICIT_RETAIN_SELF = YES;
				CLANG_WARN_OBJC_LITERAL_CONVERSION = YES;
				CLANG_WARN_OBJC_ROOT_CLASS = YES_ERROR;
				CLANG_WARN_QUOTED_INCLUDE_IN_FRAMEWORK_HEADER = YES;
				CLANG_WARN_RANGE_LOOP_ANALYSIS = YES;
				CLANG_WARN_STRICT_PROTOTYPES = YES;
				CLANG_WARN_SUSPICIOUS_MOVE = YES;
				CLANG_WARN_UNGUARDED_AVAILABILITY = YES_AGGRESSIVE;
				CLANG_WARN_UNREACHABLE_CODE = YES;
				CLANG_WARN__DUPLICATE_METHOD_MATCH = YES;
				COPY_PHASE_STRIP = NO;
				DEBUG_INFORMATION_FORMAT = "dwarf-with-dsym";
				ENABLE_NS_ASSERTIONS = NO;
				ENABLE_STRICT_OBJC_MSGSEND = YES;
				GCC_C_LANGUAGE_STANDARD = gnu11;
				GCC_NO_COMMON_BLOCKS = YES;
				GCC_WARN_64_TO_32_BIT_CONVERSION = YES;
				GCC_WARN_ABOUT_RETURN_TYPE = YES_ERROR;
				GCC_WARN_UNDECLARED_SELECTOR = YES;
				GCC_WARN_UNINITIALIZED_AUTOS = YES_AGGRESSIVE;
				GCC_WARN_UNUSED_FUNCTION = YES;
				GCC_WARN_UNUSED_VARIABLE = YES;
				IPHONEOS_DEPLOYMENT_TARGET = 14.3;
				MTL_ENABLE_DEBUG_INFO = NO;
				MTL_FAST_MATH = YES;
				SDKROOT = iphoneos;
				SWIFT_COMPILATION_MODE = wholemodule;
				SWIFT_OPTIMIZATION_LEVEL = "-O";
				VALIDATE_PRODUCT = YES;
			};
			name = Release;
		};
		D71CED152672D66A0000C168 /* Debug */ = {
			isa = XCBuildConfiguration;
			buildSettings = {
				ASSETCATALOG_COMPILER_APPICON_NAME = AppIcon;
				ASSETCATALOG_COMPILER_GLOBAL_ACCENT_COLOR_NAME = AccentColor;
				CODE_SIGN_STYLE = Automatic;
				INFOPLIST_FILE = ProtocolBasicApp1/Info.plist;
				LD_RUNPATH_SEARCH_PATHS = (
					"$(inherited)",
					"@executable_path/Frameworks",
				);
				PRODUCT_BUNDLE_IDENTIFIER = com.wafuwafuudemy.ProtocolBasicApp1;
				PRODUCT_NAME = "$(TARGET_NAME)";
				SWIFT_VERSION = 5.0;
				TARGETED_DEVICE_FAMILY = 1;
			};
			name = Debug;
		};
		D71CED162672D66A0000C168 /* Release */ = {
			isa = XCBuildConfiguration;
			buildSettings = {
				ASSETCATALOG_COMPILER_APPICON_NAME = AppIcon;
				ASSETCATALOG_COMPILER_GLOBAL_ACCENT_COLOR_NAME = AccentColor;
				CODE_SIGN_STYLE = Automatic;
				INFOPLIST_FILE = ProtocolBasicApp1/Info.plist;
				LD_RUNPATH_SEARCH_PATHS = (
					"$(inherited)",
					"@executable_path/Frameworks",
				);
				PRODUCT_BUNDLE_IDENTIFIER = com.wafuwafuudemy.ProtocolBasicApp1;
				PRODUCT_NAME = "$(TARGET_NAME)";
				SWIFT_VERSION = 5.0;
				TARGETED_DEVICE_FAMILY = 1;
			};
			name = Release;
		};
/* End XCBuildConfiguration section */

/* Begin XCConfigurationList section */
		D71CECFB2672D65F0000C168 /* Build configuration list for PBXProject "ProtocolBasicApp1" */ = {
			isa = XCConfigurationList;
			buildConfigurations = (
				D71CED122672D66A0000C168 /* Debug */,
				D71CED132672D66A0000C168 /* Release */,
			);
			defaultConfigurationIsVisible = 0;
			defaultConfigurationName = Release;
		};
		D71CED142672D66A0000C168 /* Build configuration list for PBXNativeTarget "ProtocolBasicApp1" */ = {
			isa = XCConfigurationList;
			buildConfigurations = (
				D71CED152672D66A0000C168 /* Debug */,
				D71CED162672D66A0000C168 /* Release */,
			);
			defaultConfigurationIsVisible = 0;
			defaultConfigurationName = Release;
		};
/* End XCConfigurationList section */
	};
	rootObject = D71CECF82672D65F0000C168 /* Project object */;
}
