PODS:
  - Alamofire (5.4.3)
  - SDWebImage (5.9.5):
    - SDWebImage/Core (= 5.9.5)
  - SDWebImage/Core (5.9.5)
  - SwiftyJSON (5.0.0)

DEPENDENCIES:
  - Alamofire (~> 5.00-beta.5)
  - SDWebImage
  - SwiftyJSON

SPEC REPOS:
  trunk:
    - Alamofire
    - SDWebImage
    - SwiftyJSON

SPEC CHECKSUMS:
  Alamofire: e447a2774a40c996748296fa2c55112fdbbc42f9
  SDWebImage: 0b2ba0d56479bf6a45ecddbfd5558bea93150d25
  SwiftyJSON: 36413e04c44ee145039d332b4f4e2d3e8d6c4db7

PODFILE CHECKSUM: bcef94ee7391e22391bd0b2b0b6e7155c3212228

COCOAPODS: 1.10.1
