// !$*UTF8*$!
{
	archiveVersion = 1;
	classes = {
	};
	objectVersion = 50;
	objects = {

/* Begin PBXBuildFile section */
		D778BFC726722ABF00DD9D41 /* Person.swift in Sources */ = {isa = PBXBuildFile; fileRef = D778BFC626722ABF00DD9D41 /* Person.swift */; };
		D7FA012526722122005D2C8A /* AppDelegate.swift in Sources */ = {isa = PBXBuildFile; fileRef = D7FA012426722122005D2C8A /* AppDelegate.swift */; };
		D7FA012726722122005D2C8A /* SceneDelegate.swift in Sources */ = {isa = PBXBuildFile; fileRef = D7FA012626722122005D2C8A /* SceneDelegate.swift */; };
		D7FA012926722122005D2C8A /* ViewController.swift in Sources */ = {isa = PBXBuildFile; fileRef = D7FA012826722122005D2C8A /* ViewController.swift */; };
		D7FA012C26722122005D2C8A /* Main.storyboard in Resources */ = {isa = PBXBuildFile; fileRef = D7FA012A26722122005D2C8A /* Main.storyboard */; };
		D7FA012E26722130005D2C8A /* Assets.xcassets in Resources */ = {isa = PBXBuildFile; fileRef = D7FA012D26722130005D2C8A /* Assets.xcassets */; };
		D7FA013126722130005D2C8A /* LaunchScreen.storyboard in Resources */ = {isa = PBXBuildFile; fileRef = D7FA012F26722130005D2C8A /* LaunchScreen.storyboard */; };
		D7FA013A267221B1005D2C8A /* NextViewController.swift in Sources */ = {isa = PBXBuildFile; fileRef = D7FA0139267221B1005D2C8A /* NextViewController.swift */; };
/* End PBXBuildFile section */

/* Begin PBXFileReference section */
		D778BFC626722ABF00DD9D41 /* Person.swift */ = {isa = PBXFileReference; lastKnownFileType = sourcecode.swift; path = Person.swift; sourceTree = "<group>"; };
		D7FA012126722122005D2C8A /* Swift6Struct.app */ = {isa = PBXFileReference; explicitFileType = wrapper.application; includeInIndex = 0; path = Swift6Struct.app; sourceTree = BUILT_PRODUCTS_DIR; };
		D7FA012426722122005D2C8A /* AppDelegate.swift */ = {isa = PBXFileReference; lastKnownFileType = sourcecode.swift; path = AppDelegate.swift; sourceTree = "<group>"; };
		D7FA012626722122005D2C8A /* SceneDelegate.swift */ = {isa = PBXFileReference; lastKnownFileType = sourcecode.swift; path = SceneDelegate.swift; sourceTree = "<group>"; };
		D7FA012826722122005D2C8A /* ViewController.swift */ = {isa = PBXFileReference; lastKnownFileType = sourcecode.swift; path = ViewController.swift; sourceTree = "<group>"; };
		D7FA012B26722122005D2C8A /* Base */ = {isa = PBXFileReference; lastKnownFileType = file.storyboard; name = Base; path = Base.lproj/Main.storyboard; sourceTree = "<group>"; };
		D7FA012D26722130005D2C8A /* Assets.xcassets */ = {isa = PBXFileReference; lastKnownFileType = folder.assetcatalog; path = Assets.xcassets; sourceTree = "<group>"; };
		D7FA013026722130005D2C8A /* Base */ = {isa = PBXFileReference; lastKnownFileType = file.storyboard; name = Base; path = Base.lproj/LaunchScreen.storyboard; sourceTree = "<group>"; };
		D7FA013226722130005D2C8A /* Info.plist */ = {isa = PBXFileReference; lastKnownFileType = text.plist.xml; path = Info.plist; sourceTree = "<group>"; };
		D7FA0139267221B1005D2C8A /* NextViewController.swift */ = {isa = PBXFileReference; lastKnownFileType = sourcecode.swift; path = NextViewController.swift; sourceTree = "<group>"; };
/* End PBXFileReference section */

/* Begin PBXFrameworksBuildPhase section */
		D7FA011E26722122005D2C8A /* Frameworks */ = {
			isa = PBXFrameworksBuildPhase;
			buildActionMask = 2147483647;
			files = (
			);
			runOnlyForDeploymentPostprocessing = 0;
		};
/* End PBXFrameworksBuildPhase section */

/* Begin PBXGroup section */
		D778BFC926722ACD00DD9D41 /* Model */ = {
			isa = PBXGroup;
			children = (
				D778BFC626722ABF00DD9D41 /* Person.swift */,
			);
			path = Model;
			sourceTree = "<group>";
		};
		D7FA011826722122005D2C8A = {
			isa = PBXGroup;
			children = (
				D7FA012326722122005D2C8A /* Swift6Struct */,
				D7FA012226722122005D2C8A /* Products */,
			);
			sourceTree = "<group>";
		};
		D7FA012226722122005D2C8A /* Products */ = {
			isa = PBXGroup;
			children = (
				D7FA012126722122005D2C8A /* Swift6Struct.app */,
			);
			name = Products;
			sourceTree = "<group>";
		};
		D7FA012326722122005D2C8A /* Swift6Struct */ = {
			isa = PBXGroup;
			children = (
				D7FA012426722122005D2C8A /* AppDelegate.swift */,
				D7FA012626722122005D2C8A /* SceneDelegate.swift */,
				D778BFC926722ACD00DD9D41 /* Model */,
				D7FA013D267221CA005D2C8A /* Controller */,
				D7FA012A26722122005D2C8A /* Main.storyboard */,
				D7FA012D26722130005D2C8A /* Assets.xcassets */,
				D7FA012F26722130005D2C8A /* LaunchScreen.storyboard */,
				D7FA013226722130005D2C8A /* Info.plist */,
			);
			path = Swift6Struct;
			sourceTree = "<group>";
		};
		D7FA013D267221CA005D2C8A /* Controller */ = {
			isa = PBXGroup;
			children = (
				D7FA0139267221B1005D2C8A /* NextViewController.swift */,
				D7FA012826722122005D2C8A /* ViewController.swift */,
			);
			path = Controller;
			sourceTree = "<group>";
		};
/* End PBXGroup section */

/* Begin PBXNativeTarget section */
		D7FA012026722122005D2C8A /* Swift6Struct */ = {
			isa = PBXNativeTarget;
			buildConfigurationList = D7FA013526722130005D2C8A /* Build configuration list for PBXNativeTarget "Swift6Struct" */;
			buildPhases = (
				D7FA011D26722122005D2C8A /* Sources */,
				D7FA011E26722122005D2C8A /* Frameworks */,
				D7FA011F26722122005D2C8A /* Resources */,
			);
			buildRules = (
			);
			dependencies = (
			);
			name = Swift6Struct;
			productName = Swift6Struct;
			productReference = D7FA012126722122005D2C8A /* Swift6Struct.app */;
			productType = "com.apple.product-type.application";
		};
/* End PBXNativeTarget section */

/* Begin PBXProject section */
		D7FA011926722122005D2C8A /* Project object */ = {
			isa = PBXProject;
			attributes = {
				LastSwiftUpdateCheck = 1230;
				LastUpgradeCheck = 1230;
				TargetAttributes = {
					D7FA012026722122005D2C8A = {
						CreatedOnToolsVersion = 12.3;
					};
				};
			};
			buildConfigurationList = D7FA011C26722122005D2C8A /* Build configuration list for PBXProject "Swift6Struct" */;
			compatibilityVersion = "Xcode 9.3";
			developmentRegion = en;
			hasScannedForEncodings = 0;
			knownRegions = (
				en,
				Base,
			);
			mainGroup = D7FA011826722122005D2C8A;
			productRefGroup = D7FA012226722122005D2C8A /* Products */;
			projectDirPath = "";
			projectRoot = "";
			targets = (
				D7FA012026722122005D2C8A /* Swift6Struct */,
			);
		};
/* End PBXProject section */

/* Begin PBXResourcesBuildPhase section */
		D7FA011F26722122005D2C8A /* Resources */ = {
			isa = PBXResourcesBuildPhase;
			buildActionMask = 2147483647;
			files = (
				D7FA013126722130005D2C8A /* LaunchScreen.storyboard in Resources */,
				D7FA012E26722130005D2C8A /* Assets.xcassets in Resources */,
				D7FA012C26722122005D2C8A /* Main.storyboard in Resources */,
			);
			runOnlyForDeploymentPostprocessing = 0;
		};
/* End PBXResourcesBuildPhase section */

/* Begin PBXSourcesBuildPhase section */
		D7FA011D26722122005D2C8A /* Sources */ = {
			isa = PBXSourcesBuildPhase;
			buildActionMask = 2147483647;
			files = (
				D778BFC726722ABF00DD9D41 /* Person.swift in Sources */,
				D7FA012926722122005D2C8A /* ViewController.swift in Sources */,
				D7FA013A267221B1005D2C8A /* NextViewController.swift in Sources */,
				D7FA012526722122005D2C8A /* AppDelegate.swift in Sources */,
				D7FA012726722122005D2C8A /* SceneDelegate.swift in Sources */,
			);
			runOnlyForDeploymentPostprocessing = 0;
		};
/* End PBXSourcesBuildPhase section */

/* Begin PBXVariantGroup section */
		D7FA012A26722122005D2C8A /* Main.storyboard */ = {
			isa = PBXVariantGroup;
			children = (
				D7FA012B26722122005D2C8A /* Base */,
			);
			name = Main.storyboard;
			sourceTree = "<group>";
		};
		D7FA012F26722130005D2C8A /* LaunchScreen.storyboard */ = {
			isa = PBXVariantGroup;
			children = (
				D7FA013026722130005D2C8A /* Base */,
			);
			name = LaunchScreen.storyboard;
			sourceTree = "<group>";
		};
/* End PBXVariantGroup section */

/* Begin XCBuildConfiguration section */
		D7FA013326722130005D2C8A /* Debug */ = {
			isa = XCBuildConfiguration;
			buildSettings = {
				ALWAYS_SEARCH_USER_PATHS = NO;
				CLANG_ANALYZER_NONNULL = YES;
				CLANG_ANALYZER_NUMBER_OBJECT_CONVERSION = YES_AGGRESSIVE;
				CLANG_CXX_LANGUAGE_STANDARD = "gnu++14";
				CLANG_CXX_LIBRARY = "libc++";
				CLANG_ENABLE_MODULES = YES;
				CLANG_ENABLE_OBJC_ARC = YES;
				CLANG_ENABLE_OBJC_WEAK = YES;
				CLANG_WARN_BLOCK_CAPTURE_AUTORELEASING = YES;
				CLANG_WARN_BOOL_CONVERSION = YES;
				CLANG_WARN_COMMA = YES;
				CLANG_WARN_CONSTANT_CONVERSION = YES;
				CLANG_WARN_DEPRECATED_OBJC_IMPLEMENTATIONS = YES;
				CLANG_WARN_DIRECT_OBJC_ISA_USAGE = YES_ERROR;
				CLANG_WARN_DOCUMENTATION_COMMENTS = YES;
				CLANG_WARN_EMPTY_BODY = YES;
				CLANG_WARN_ENUM_CONVERSION = YES;
				CLANG_WARN_INFINITE_RECURSION = YES;
				CLANG_WARN_INT_CONVERSION = YES;
				CLANG_WARN_NON_LITERAL_NULL_CONVERSION = YES;
				CLANG_WARN_OBJC_IMPLICIT_RETAIN_SELF = YES;
				CLANG_WARN_OBJC_LITERAL_CONVERSION = YES;
				CLANG_WARN_OBJC_ROOT_CLASS = YES_ERROR;
				CLANG_WARN_QUOTED_INCLUDE_IN_FRAMEWORK_HEADER = YES;
				CLANG_WARN_RANGE_LOOP_ANALYSIS = YES;
				CLANG_WARN_STRICT_PROTOTYPES = YES;
				CLANG_WARN_SUSPICIOUS_MOVE = YES;
				CLANG_WARN_UNGUARDED_AVAILABILITY = YES_AGGRESSIVE;
				CLANG_WARN_UNREACHABLE_CODE = YES;
				CLANG_WARN__DUPLICATE_METHOD_MATCH = YES;
				COPY_PHASE_STRIP = NO;
				DEBUG_INFORMATION_FORMAT = dwarf;
				ENABLE_STRICT_OBJC_MSGSEND = YES;
				ENABLE_TESTABILITY = YES;
				GCC_C_LANGUAGE_STANDARD = gnu11;
				GCC_DYNAMIC_NO_PIC = NO;
				GCC_NO_COMMON_BLOCKS = YES;
				GCC_OPTIMIZATION_LEVEL = 0;
				GCC_PREPROCESSOR_DEFINITIONS = (
					"DEBUG=1",
					"$(inherited)",
				);
				GCC_WARN_64_TO_32_BIT_CONVERSION = YES;
				GCC_WARN_ABOUT_RETURN_TYPE = YES_ERROR;
				GCC_WARN_UNDECLARED_SELECTOR = YES;
				GCC_WARN_UNINITIALIZED_AUTOS = YES_AGGRESSIVE;
				GCC_WARN_UNUSED_FUNCTION = YES;
				GCC_WARN_UNUSED_VARIABLE = YES;
				IPHONEOS_DEPLOYMENT_TARGET = 14.3;
				MTL_ENABLE_DEBUG_INFO = INCLUDE_SOURCE;
				MTL_FAST_MATH = YES;
				ONLY_ACTIVE_ARCH = YES;
				SDKROOT = iphoneos;
				SWIFT_ACTIVE_COMPILATION_CONDITIONS = DEBUG;
				SWIFT_OPTIMIZATION_LEVEL = "-Onone";
			};
			name = Debug;
		};
		D7FA013426722130005D2C8A /* Release */ = {
			isa = XCBuildConfiguration;
			buildSettings = {
				ALWAYS_SEARCH_USER_PATHS = NO;
				CLANG_ANALYZER_NONNULL = YES;
				CLANG_ANALYZER_NUMBER_OBJECT_CONVERSION = YES_AGGRESSIVE;
				CLANG_CXX_LANGUAGE_STANDARD = "gnu++14";
				CLANG_CXX_LIBRARY = "libc++";
				CLANG_ENABLE_MODULES = YES;
				CLANG_ENABLE_OBJC_ARC = YES;
				CLANG_ENABLE_OBJC_WEAK = YES;
				CLANG_WARN_BLOCK_CAPTURE_AUTORELEASING = YES;
				CLANG_WARN_BOOL_CONVERSION = YES;
				CLANG_WARN_COMMA = YES;
				CLANG_WARN_CONSTANT_CONVERSION = YES;
				CLANG_WARN_DEPRECATED_OBJC_IMPLEMENTATIONS = YES;
				CLANG_WARN_DIRECT_OBJC_ISA_USAGE = YES_ERROR;
				CLANG_WARN_DOCUMENTATION_COMMENTS = YES;
				CLANG_WARN_EMPTY_BODY = YES;
				CLANG_WARN_ENUM_CONVERSION = YES;
				CLANG_WARN_INFINITE_RECURSION = YES;
				CLANG_WARN_INT_CONVERSION = YES;
				CLANG_WARN_NON_LITERAL_NULL_CONVERSION = YES;
				CLANG_WARN_OBJC_IMPLICIT_RETAIN_SELF = YES;
				CLANG_WARN_OBJC_LITERAL_CONVERSION = YES;
				CLANG_WARN_OBJC_ROOT_CLASS = YES_ERROR;
				CLANG_WARN_QUOTED_INCLUDE_IN_FRAMEWORK_HEADER = YES;
				CLANG_WARN_RANGE_LOOP_ANALYSIS = YES;
				CLANG_WARN_STRICT_PROTOTYPES = YES;
				CLANG_WARN_SUSPICIOUS_MOVE = YES;
				CLANG_WARN_UNGUARDED_AVAILABILITY = YES_AGGRESSIVE;
				CLANG_WARN_UNREACHABLE_CODE = YES;
				CLANG_WARN__DUPLICATE_METHOD_MATCH = YES;
				COPY_PHASE_STRIP = NO;
				DEBUG_INFORMATION_FORMAT = "dwarf-with-dsym";
				ENABLE_NS_ASSERTIONS = NO;
				ENABLE_STRICT_OBJC_MSGSEND = YES;
				GCC_C_LANGUAGE_STANDARD = gnu11;
				GCC_NO_COMMON_BLOCKS = YES;
				GCC_WARN_64_TO_32_BIT_CONVERSION = YES;
				GCC_WARN_ABOUT_RETURN_TYPE = YES_ERROR;
				GCC_WARN_UNDECLARED_SELECTOR = YES;
				GCC_WARN_UNINITIALIZED_AUTOS = YES_AGGRESSIVE;
				GCC_WARN_UNUSED_FUNCTION = YES;
				GCC_WARN_UNUSED_VARIABLE = YES;
				IPHONEOS_DEPLOYMENT_TARGET = 14.3;
				MTL_ENABLE_DEBUG_INFO = NO;
				MTL_FAST_MATH = YES;
				SDKROOT = iphoneos;
				SWIFT_COMPILATION_MODE = wholemodule;
				SWIFT_OPTIMIZATION_LEVEL = "-O";
				VALIDATE_PRODUCT = YES;
			};
			name = Release;
		};
		D7FA013626722130005D2C8A /* Debug */ = {
			isa = XCBuildConfiguration;
			buildSettings = {
				ASSETCATALOG_COMPILER_APPICON_NAME = AppIcon;
				ASSETCATALOG_COMPILER_GLOBAL_ACCENT_COLOR_NAME = AccentColor;
				CODE_SIGN_STYLE = Automatic;
				INFOPLIST_FILE = Swift6Struct/Info.plist;
				LD_RUNPATH_SEARCH_PATHS = (
					"$(inherited)",
					"@executable_path/Frameworks",
				);
				PRODUCT_BUNDLE_IDENTIFIER = com.wafuwafuudemy.Swift6Struct;
				PRODUCT_NAME = "$(TARGET_NAME)";
				SWIFT_VERSION = 5.0;
				TARGETED_DEVICE_FAMILY = 1;
			};
			name = Debug;
		};
		D7FA013726722130005D2C8A /* Release */ = {
			isa = XCBuildConfiguration;
			buildSettings = {
				ASSETCATALOG_COMPILER_APPICON_NAME = AppIcon;
				ASSETCATALOG_COMPILER_GLOBAL_ACCENT_COLOR_NAME = AccentColor;
				CODE_SIGN_STYLE = Automatic;
				INFOPLIST_FILE = Swift6Struct/Info.plist;
				LD_RUNPATH_SEARCH_PATHS = (
					"$(inherited)",
					"@executable_path/Frameworks",
				);
				PRODUCT_BUNDLE_IDENTIFIER = com.wafuwafuudemy.Swift6Struct;
				PRODUCT_NAME = "$(TARGET_NAME)";
				SWIFT_VERSION = 5.0;
				TARGETED_DEVICE_FAMILY = 1;
			};
			name = Release;
		};
/* End XCBuildConfiguration section */

/* Begin XCConfigurationList section */
		D7FA011C26722122005D2C8A /* Build configuration list for PBXProject "Swift6Struct" */ = {
			isa = XCConfigurationList;
			buildConfigurations = (
				D7FA013326722130005D2C8A /* Debug */,
				D7FA013426722130005D2C8A /* Release */,
			);
			defaultConfigurationIsVisible = 0;
			defaultConfigurationName = Release;
		};
		D7FA013526722130005D2C8A /* Build configuration list for PBXNativeTarget "Swift6Struct" */ = {
			isa = XCConfigurationList;
			buildConfigurations = (
				D7FA013626722130005D2C8A /* Debug */,
				D7FA013726722130005D2C8A /* Release */,
			);
			defaultConfigurationIsVisible = 0;
			defaultConfigurationName = Release;
		};
/* End XCConfigurationList section */
	};
	rootObject = D7FA011926722122005D2C8A /* Project object */;
}
