// !$*UTF8*$!
{
	archiveVersion = 1;
	classes = {
	};
	objectVersion = 50;
	objects = {

/* Begin PBXBuildFile section */
		D75931022671ACB400D80EAA /* AppDelegate.swift in Sources */ = {isa = PBXBuildFile; fileRef = D75931012671ACB400D80EAA /* AppDelegate.swift */; };
		D75931042671ACB400D80EAA /* SceneDelegate.swift in Sources */ = {isa = PBXBuildFile; fileRef = D75931032671ACB400D80EAA /* SceneDelegate.swift */; };
		D75931062671ACB400D80EAA /* ViewController.swift in Sources */ = {isa = PBXBuildFile; fileRef = D75931052671ACB400D80EAA /* ViewController.swift */; };
		D75931092671ACB400D80EAA /* Main.storyboard in Resources */ = {isa = PBXBuildFile; fileRef = D75931072671ACB400D80EAA /* Main.storyboard */; };
		D759310B2671ACC100D80EAA /* Assets.xcassets in Resources */ = {isa = PBXBuildFile; fileRef = D759310A2671ACC100D80EAA /* Assets.xcassets */; };
		D759310E2671ACC100D80EAA /* LaunchScreen.storyboard in Resources */ = {isa = PBXBuildFile; fileRef = D759310C2671ACC100D80EAA /* LaunchScreen.storyboard */; };
		D75931182671AD7E00D80EAA /* NextViewController.swift in Sources */ = {isa = PBXBuildFile; fileRef = D75931172671AD7E00D80EAA /* NextViewController.swift */; };
/* End PBXBuildFile section */

/* Begin PBXFileReference section */
		D75930FE2671ACB400D80EAA /* Swift5TableView1.app */ = {isa = PBXFileReference; explicitFileType = wrapper.application; includeInIndex = 0; path = Swift5TableView1.app; sourceTree = BUILT_PRODUCTS_DIR; };
		D75931012671ACB400D80EAA /* AppDelegate.swift */ = {isa = PBXFileReference; lastKnownFileType = sourcecode.swift; path = AppDelegate.swift; sourceTree = "<group>"; };
		D75931032671ACB400D80EAA /* SceneDelegate.swift */ = {isa = PBXFileReference; lastKnownFileType = sourcecode.swift; path = SceneDelegate.swift; sourceTree = "<group>"; };
		D75931052671ACB400D80EAA /* ViewController.swift */ = {isa = PBXFileReference; lastKnownFileType = sourcecode.swift; path = ViewController.swift; sourceTree = "<group>"; };
		D75931082671ACB400D80EAA /* Base */ = {isa = PBXFileReference; lastKnownFileType = file.storyboard; name = Base; path = Base.lproj/Main.storyboard; sourceTree = "<group>"; };
		D759310A2671ACC100D80EAA /* Assets.xcassets */ = {isa = PBXFileReference; lastKnownFileType = folder.assetcatalog; path = Assets.xcassets; sourceTree = "<group>"; };
		D759310D2671ACC100D80EAA /* Base */ = {isa = PBXFileReference; lastKnownFileType = file.storyboard; name = Base; path = Base.lproj/LaunchScreen.storyboard; sourceTree = "<group>"; };
		D759310F2671ACC100D80EAA /* Info.plist */ = {isa = PBXFileReference; lastKnownFileType = text.plist.xml; path = Info.plist; sourceTree = "<group>"; };
		D75931172671AD7E00D80EAA /* NextViewController.swift */ = {isa = PBXFileReference; lastKnownFileType = sourcecode.swift; path = NextViewController.swift; sourceTree = "<group>"; };
/* End PBXFileReference section */

/* Begin PBXFrameworksBuildPhase section */
		D75930FB2671ACB400D80EAA /* Frameworks */ = {
			isa = PBXFrameworksBuildPhase;
			buildActionMask = 2147483647;
			files = (
			);
			runOnlyForDeploymentPostprocessing = 0;
		};
/* End PBXFrameworksBuildPhase section */

/* Begin PBXGroup section */
		D75930F52671ACB400D80EAA = {
			isa = PBXGroup;
			children = (
				D75931002671ACB400D80EAA /* Swift5TableView1 */,
				D75930FF2671ACB400D80EAA /* Products */,
			);
			sourceTree = "<group>";
		};
		D75930FF2671ACB400D80EAA /* Products */ = {
			isa = PBXGroup;
			children = (
				D75930FE2671ACB400D80EAA /* Swift5TableView1.app */,
			);
			name = Products;
			sourceTree = "<group>";
		};
		D75931002671ACB400D80EAA /* Swift5TableView1 */ = {
			isa = PBXGroup;
			children = (
				D75931012671ACB400D80EAA /* AppDelegate.swift */,
				D75931032671ACB400D80EAA /* SceneDelegate.swift */,
				D75931052671ACB400D80EAA /* ViewController.swift */,
				D75931172671AD7E00D80EAA /* NextViewController.swift */,
				D75931072671ACB400D80EAA /* Main.storyboard */,
				D759310A2671ACC100D80EAA /* Assets.xcassets */,
				D759310C2671ACC100D80EAA /* LaunchScreen.storyboard */,
				D759310F2671ACC100D80EAA /* Info.plist */,
			);
			path = Swift5TableView1;
			sourceTree = "<group>";
		};
/* End PBXGroup section */

/* Begin PBXNativeTarget section */
		D75930FD2671ACB400D80EAA /* Swift5TableView1 */ = {
			isa = PBXNativeTarget;
			buildConfigurationList = D75931122671ACC100D80EAA /* Build configuration list for PBXNativeTarget "Swift5TableView1" */;
			buildPhases = (
				D75930FA2671ACB400D80EAA /* Sources */,
				D75930FB2671ACB400D80EAA /* Frameworks */,
				D75930FC2671ACB400D80EAA /* Resources */,
			);
			buildRules = (
			);
			dependencies = (
			);
			name = Swift5TableView1;
			productName = Swift5TableView1;
			productReference = D75930FE2671ACB400D80EAA /* Swift5TableView1.app */;
			productType = "com.apple.product-type.application";
		};
/* End PBXNativeTarget section */

/* Begin PBXProject section */
		D75930F62671ACB400D80EAA /* Project object */ = {
			isa = PBXProject;
			attributes = {
				LastSwiftUpdateCheck = 1230;
				LastUpgradeCheck = 1230;
				TargetAttributes = {
					D75930FD2671ACB400D80EAA = {
						CreatedOnToolsVersion = 12.3;
					};
				};
			};
			buildConfigurationList = D75930F92671ACB400D80EAA /* Build configuration list for PBXProject "Swift5TableView1" */;
			compatibilityVersion = "Xcode 9.3";
			developmentRegion = en;
			hasScannedForEncodings = 0;
			knownRegions = (
				en,
				Base,
			);
			mainGroup = D75930F52671ACB400D80EAA;
			productRefGroup = D75930FF2671ACB400D80EAA /* Products */;
			projectDirPath = "";
			projectRoot = "";
			targets = (
				D75930FD2671ACB400D80EAA /* Swift5TableView1 */,
			);
		};
/* End PBXProject section */

/* Begin PBXResourcesBuildPhase section */
		D75930FC2671ACB400D80EAA /* Resources */ = {
			isa = PBXResourcesBuildPhase;
			buildActionMask = 2147483647;
			files = (
				D759310E2671ACC100D80EAA /* LaunchScreen.storyboard in Resources */,
				D759310B2671ACC100D80EAA /* Assets.xcassets in Resources */,
				D75931092671ACB400D80EAA /* Main.storyboard in Resources */,
			);
			runOnlyForDeploymentPostprocessing = 0;
		};
/* End PBXResourcesBuildPhase section */

/* Begin PBXSourcesBuildPhase section */
		D75930FA2671ACB400D80EAA /* Sources */ = {
			isa = PBXSourcesBuildPhase;
			buildActionMask = 2147483647;
			files = (
				D75931062671ACB400D80EAA /* ViewController.swift in Sources */,
				D75931182671AD7E00D80EAA /* NextViewController.swift in Sources */,
				D75931022671ACB400D80EAA /* AppDelegate.swift in Sources */,
				D75931042671ACB400D80EAA /* SceneDelegate.swift in Sources */,
			);
			runOnlyForDeploymentPostprocessing = 0;
		};
/* End PBXSourcesBuildPhase section */

/* Begin PBXVariantGroup section */
		D75931072671ACB400D80EAA /* Main.storyboard */ = {
			isa = PBXVariantGroup;
			children = (
				D75931082671ACB400D80EAA /* Base */,
			);
			name = Main.storyboard;
			sourceTree = "<group>";
		};
		D759310C2671ACC100D80EAA /* LaunchScreen.storyboard */ = {
			isa = PBXVariantGroup;
			children = (
				D759310D2671ACC100D80EAA /* Base */,
			);
			name = LaunchScreen.storyboard;
			sourceTree = "<group>";
		};
/* End PBXVariantGroup section */

/* Begin XCBuildConfiguration section */
		D75931102671ACC100D80EAA /* Debug */ = {
			isa = XCBuildConfiguration;
			buildSettings = {
				ALWAYS_SEARCH_USER_PATHS = NO;
				CLANG_ANALYZER_NONNULL = YES;
				CLANG_ANALYZER_NUMBER_OBJECT_CONVERSION = YES_AGGRESSIVE;
				CLANG_CXX_LANGUAGE_STANDARD = "gnu++14";
				CLANG_CXX_LIBRARY = "libc++";
				CLANG_ENABLE_MODULES = YES;
				CLANG_ENABLE_OBJC_ARC = YES;
				CLANG_ENABLE_OBJC_WEAK = YES;
				CLANG_WARN_BLOCK_CAPTURE_AUTORELEASING = YES;
				CLANG_WARN_BOOL_CONVERSION = YES;
				CLANG_WARN_COMMA = YES;
				CLANG_WARN_CONSTANT_CONVERSION = YES;
				CLANG_WARN_DEPRECATED_OBJC_IMPLEMENTATIONS = YES;
				CLANG_WARN_DIRECT_OBJC_ISA_USAGE = YES_ERROR;
				CLANG_WARN_DOCUMENTATION_COMMENTS = YES;
				CLANG_WARN_EMPTY_BODY = YES;
				CLANG_WARN_ENUM_CONVERSION = YES;
				CLANG_WARN_INFINITE_RECURSION = YES;
				CLANG_WARN_INT_CONVERSION = YES;
				CLANG_WARN_NON_LITERAL_NULL_CONVERSION = YES;
				CLANG_WARN_OBJC_IMPLICIT_RETAIN_SELF = YES;
				CLANG_WARN_OBJC_LITERAL_CONVERSION = YES;
				CLANG_WARN_OBJC_ROOT_CLASS = YES_ERROR;
				CLANG_WARN_QUOTED_INCLUDE_IN_FRAMEWORK_HEADER = YES;
				CLANG_WARN_RANGE_LOOP_ANALYSIS = YES;
				CLANG_WARN_STRICT_PROTOTYPES = YES;
				CLANG_WARN_SUSPICIOUS_MOVE = YES;
				CLANG_WARN_UNGUARDED_AVAILABILITY = YES_AGGRESSIVE;
				CLANG_WARN_UNREACHABLE_CODE = YES;
				CLANG_WARN__DUPLICATE_METHOD_MATCH = YES;
				COPY_PHASE_STRIP = NO;
				DEBUG_INFORMATION_FORMAT = dwarf;
				ENABLE_STRICT_OBJC_MSGSEND = YES;
				ENABLE_TESTABILITY = YES;
				GCC_C_LANGUAGE_STANDARD = gnu11;
				GCC_DYNAMIC_NO_PIC = NO;
				GCC_NO_COMMON_BLOCKS = YES;
				GCC_OPTIMIZATION_LEVEL = 0;
				GCC_PREPROCESSOR_DEFINITIONS = (
					"DEBUG=1",
					"$(inherited)",
				);
				GCC_WARN_64_TO_32_BIT_CONVERSION = YES;
				GCC_WARN_ABOUT_RETURN_TYPE = YES_ERROR;
				GCC_WARN_UNDECLARED_SELECTOR = YES;
				GCC_WARN_UNINITIALIZED_AUTOS = YES_AGGRESSIVE;
				GCC_WARN_UNUSED_FUNCTION = YES;
				GCC_WARN_UNUSED_VARIABLE = YES;
				IPHONEOS_DEPLOYMENT_TARGET = 14.3;
				MTL_ENABLE_DEBUG_INFO = INCLUDE_SOURCE;
				MTL_FAST_MATH = YES;
				ONLY_ACTIVE_ARCH = YES;
				SDKROOT = iphoneos;
				SWIFT_ACTIVE_COMPILATION_CONDITIONS = DEBUG;
				SWIFT_OPTIMIZATION_LEVEL = "-Onone";
			};
			name = Debug;
		};
		D75931112671ACC100D80EAA /* Release */ = {
			isa = XCBuildConfiguration;
			buildSettings = {
				ALWAYS_SEARCH_USER_PATHS = NO;
				CLANG_ANALYZER_NONNULL = YES;
				CLANG_ANALYZER_NUMBER_OBJECT_CONVERSION = YES_AGGRESSIVE;
				CLANG_CXX_LANGUAGE_STANDARD = "gnu++14";
				CLANG_CXX_LIBRARY = "libc++";
				CLANG_ENABLE_MODULES = YES;
				CLANG_ENABLE_OBJC_ARC = YES;
				CLANG_ENABLE_OBJC_WEAK = YES;
				CLANG_WARN_BLOCK_CAPTURE_AUTORELEASING = YES;
				CLANG_WARN_BOOL_CONVERSION = YES;
				CLANG_WARN_COMMA = YES;
				CLANG_WARN_CONSTANT_CONVERSION = YES;
				CLANG_WARN_DEPRECATED_OBJC_IMPLEMENTATIONS = YES;
				CLANG_WARN_DIRECT_OBJC_ISA_USAGE = YES_ERROR;
				CLANG_WARN_DOCUMENTATION_COMMENTS = YES;
				CLANG_WARN_EMPTY_BODY = YES;
				CLANG_WARN_ENUM_CONVERSION = YES;
				CLANG_WARN_INFINITE_RECURSION = YES;
				CLANG_WARN_INT_CONVERSION = YES;
				CLANG_WARN_NON_LITERAL_NULL_CONVERSION = YES;
				CLANG_WARN_OBJC_IMPLICIT_RETAIN_SELF = YES;
				CLANG_WARN_OBJC_LITERAL_CONVERSION = YES;
				CLANG_WARN_OBJC_ROOT_CLASS = YES_ERROR;
				CLANG_WARN_QUOTED_INCLUDE_IN_FRAMEWORK_HEADER = YES;
				CLANG_WARN_RANGE_LOOP_ANALYSIS = YES;
				CLANG_WARN_STRICT_PROTOTYPES = YES;
				CLANG_WARN_SUSPICIOUS_MOVE = YES;
				CLANG_WARN_UNGUARDED_AVAILABILITY = YES_AGGRESSIVE;
				CLANG_WARN_UNREACHABLE_CODE = YES;
				CLANG_WARN__DUPLICATE_METHOD_MATCH = YES;
				COPY_PHASE_STRIP = NO;
				DEBUG_INFORMATION_FORMAT = "dwarf-with-dsym";
				ENABLE_NS_ASSERTIONS = NO;
				ENABLE_STRICT_OBJC_MSGSEND = YES;
				GCC_C_LANGUAGE_STANDARD = gnu11;
				GCC_NO_COMMON_BLOCKS = YES;
				GCC_WARN_64_TO_32_BIT_CONVERSION = YES;
				GCC_WARN_ABOUT_RETURN_TYPE = YES_ERROR;
				GCC_WARN_UNDECLARED_SELECTOR = YES;
				GCC_WARN_UNINITIALIZED_AUTOS = YES_AGGRESSIVE;
				GCC_WARN_UNUSED_FUNCTION = YES;
				GCC_WARN_UNUSED_VARIABLE = YES;
				IPHONEOS_DEPLOYMENT_TARGET = 14.3;
				MTL_ENABLE_DEBUG_INFO = NO;
				MTL_FAST_MATH = YES;
				SDKROOT = iphoneos;
				SWIFT_COMPILATION_MODE = wholemodule;
				SWIFT_OPTIMIZATION_LEVEL = "-O";
				VALIDATE_PRODUCT = YES;
			};
			name = Release;
		};
		D75931132671ACC100D80EAA /* Debug */ = {
			isa = XCBuildConfiguration;
			buildSettings = {
				ASSETCATALOG_COMPILER_APPICON_NAME = AppIcon;
				ASSETCATALOG_COMPILER_GLOBAL_ACCENT_COLOR_NAME = AccentColor;
				CODE_SIGN_STYLE = Automatic;
				INFOPLIST_FILE = Swift5TableView1/Info.plist;
				LD_RUNPATH_SEARCH_PATHS = (
					"$(inherited)",
					"@executable_path/Frameworks",
				);
				PRODUCT_BUNDLE_IDENTIFIER = com.wafuwafuudemy.Swift5TableView1;
				PRODUCT_NAME = "$(TARGET_NAME)";
				SWIFT_VERSION = 5.0;
				TARGETED_DEVICE_FAMILY = 1;
			};
			name = Debug;
		};
		D75931142671ACC100D80EAA /* Release */ = {
			isa = XCBuildConfiguration;
			buildSettings = {
				ASSETCATALOG_COMPILER_APPICON_NAME = AppIcon;
				ASSETCATALOG_COMPILER_GLOBAL_ACCENT_COLOR_NAME = AccentColor;
				CODE_SIGN_STYLE = Automatic;
				INFOPLIST_FILE = Swift5TableView1/Info.plist;
				LD_RUNPATH_SEARCH_PATHS = (
					"$(inherited)",
					"@executable_path/Frameworks",
				);
				PRODUCT_BUNDLE_IDENTIFIER = com.wafuwafuudemy.Swift5TableView1;
				PRODUCT_NAME = "$(TARGET_NAME)";
				SWIFT_VERSION = 5.0;
				TARGETED_DEVICE_FAMILY = 1;
			};
			name = Release;
		};
/* End XCBuildConfiguration section */

/* Begin XCConfigurationList section */
		D75930F92671ACB400D80EAA /* Build configuration list for PBXProject "Swift5TableView1" */ = {
			isa = XCConfigurationList;
			buildConfigurations = (
				D75931102671ACC100D80EAA /* Debug */,
				D75931112671ACC100D80EAA /* Release */,
			);
			defaultConfigurationIsVisible = 0;
			defaultConfigurationName = Release;
		};
		D75931122671ACC100D80EAA /* Build configuration list for PBXNativeTarget "Swift5TableView1" */ = {
			isa = XCConfigurationList;
			buildConfigurations = (
				D75931132671ACC100D80EAA /* Debug */,
				D75931142671ACC100D80EAA /* Release */,
			);
			defaultConfigurationIsVisible = 0;
			defaultConfigurationName = Release;
		};
/* End XCConfigurationList section */
	};
	rootObject = D75930F62671ACB400D80EAA /* Project object */;
}
